
Microsoft Visual Studio Solution File, Format Version 12.00
# Visual Studio Version 17
VisualStudioVersion = 17.4.33205.214
MinimumVisualStudioVersion = 10.0.40219.1
Project("{9A19103F-16F7-4668-BE54-9A1E7A4F7556}") = "irods-Csharp", "irods-Csharp\irods-Csharp.csproj", "{781E54EA-43AE-4160-A93B-8C2C4EA7CA7F}"
EndProject
Project("{9A19103F-16F7-4668-BE54-9A1E7A4F7556}") = "Testing", "Testing\Testing.csproj", "{02CE1748-A8C0-4558-AF70-387738AC2546}"
EndProject
Project("{2150E333-8FDC-42A3-9474-1A3956D46DE8}") = "Solution Items", "Solution Items", "{B3F0B998-3387-4C5E-8F69-E373FE3F5E46}"
	ProjectSection(SolutionItems) = preProject
		.editorconfig = .editorconfig
	EndProjectSection
EndProject
Global
	GlobalSection(SolutionConfigurationPlatforms) = preSolution
		Debug|Any CPU = Debug|Any CPU
		Debug|x86 = Debug|x86
		Release|Any CPU = Release|Any CPU
		Release|x86 = Release|x86
	EndGlobalSection
	GlobalSection(ProjectConfigurationPlatforms) = postSolution
		{781E54EA-43AE-4160-A93B-8C2C4EA7CA7F}.Debug|Any CPU.ActiveCfg = Debug|Any CPU
		{781E54EA-43AE-4160-A93B-8C2C4EA7CA7F}.Debug|Any CPU.Build.0 = Debug|Any CPU
		{781E54EA-43AE-4160-A93B-8C2C4EA7CA7F}.Debug|x86.ActiveCfg = Debug|x86
		{781E54EA-43AE-4160-A93B-8C2C4EA7CA7F}.Debug|x86.Build.0 = Debug|x86
		{781E54EA-43AE-4160-A93B-8C2C4EA7CA7F}.Release|Any CPU.ActiveCfg = Release|Any CPU
		{781E54EA-43AE-4160-A93B-8C2C4EA7CA7F}.Release|Any CPU.Build.0 = Release|Any CPU
		{781E54EA-43AE-4160-A93B-8C2C4EA7CA7F}.Release|x86.ActiveCfg = Release|x86
		{781E54EA-43AE-4160-A93B-8C2C4EA7CA7F}.Release|x86.Build.0 = Release|x86
		{02CE1748-A8C0-4558-AF70-387738AC2546}.Debug|Any CPU.ActiveCfg = Debug|Any CPU
		{02CE1748-A8C0-4558-AF70-387738AC2546}.Debug|Any CPU.Build.0 = Debug|Any CPU
		{02CE1748-A8C0-4558-AF70-387738AC2546}.Debug|x86.ActiveCfg = Debug|Any CPU
		{02CE1748-A8C0-4558-AF70-387738AC2546}.Debug|x86.Build.0 = Debug|Any CPU
		{02CE1748-A8C0-4558-AF70-387738AC2546}.Release|Any CPU.ActiveCfg = Release|Any CPU
		{02CE1748-A8C0-4558-AF70-387738AC2546}.Release|Any CPU.Build.0 = Release|Any CPU
		{02CE1748-A8C0-4558-AF70-387738AC2546}.Release|x86.ActiveCfg = Release|Any CPU
		{02CE1748-A8C0-4558-AF70-387738AC2546}.Release|x86.Build.0 = Release|Any CPU
	EndGlobalSection
	GlobalSection(SolutionProperties) = preSolution
		HideSolutionNode = FALSE
	EndGlobalSection
	GlobalSection(ExtensibilityGlobals) = postSolution
		SolutionGuid = {44D79EB4-6019-4E13-95CD-98799064F279}
	EndGlobalSection
EndGlobal
